
Microsoft Visual Studio Solution File, Format Version 12.00
# Visual Studio Version 17
VisualStudioVersion = 17.8.34330.188
MinimumVisualStudioVersion = 10.0.40219.1
Project("{8BC9CEB8-8B4A-11D0-8D11-00A0C91BC942}") = "PageSimulation", "PageSimulation\PageSimulation.vcxproj", "{F6FFD019-0E23-4283-895E-B5A3CEC93D5F}"
EndProject
Project("{8BC9CEB8-8B4A-11D0-8D11-00A0C91BC942}") = "存储管理", "存储管理\存储管理.vcxproj", "{DF895BE7-C4DB-46F4-B343-B8CDCE6ED2E8}"
EndProject
Project("{8BC9CEB8-8B4A-11D0-8D11-00A0C91BC942}") = "进程管理", "进程管理\进程管理.vcxproj", "{3E6DC13D-D747-4872-B824-B9EC327E1CB4}"
EndProject
Project("{8BC9CEB8-8B4A-11D0-8D11-00A0C91BC942}") = "ProcessSimulation", "ProcessSimulation\ProcessSimulation.vcxproj", "{00B2B883-3A4A-41EF-B182-272C6DFCD2E8}"
EndProject
Project("{8BC9CEB8-8B4A-11D0-8D11-00A0C91BC942}") = "FileSystem", "FileSystem\FileSystem.vcxproj", "{D7E036C9-B401-4BC9-873D-E72E9F2CB62D}"
EndProject
Project("{8BC9CEB8-8B4A-11D0-8D11-00A0C91BC942}") = "文件管理", "文件管理\文件管理.vcxproj", "{AA9F3E8A-8579-443A-ADDD-36653548E40B}"
EndProject
Global
	GlobalSection(SolutionConfigurationPlatforms) = preSolution
		Debug|ARM = Debug|ARM
		Debug|ARM64 = Debug|ARM64
		Debug|x64 = Debug|x64
		Debug|x86 = Debug|x86
		Release|ARM = Release|ARM
		Release|ARM64 = Release|ARM64
		Release|x64 = Release|x64
		Release|x86 = Release|x86
	EndGlobalSection
	GlobalSection(ProjectConfigurationPlatforms) = postSolution
		{F6FFD019-0E23-4283-895E-B5A3CEC93D5F}.Debug|ARM.ActiveCfg = Debug|ARM
		{F6FFD019-0E23-4283-895E-B5A3CEC93D5F}.Debug|ARM.Build.0 = Debug|ARM
		{F6FFD019-0E23-4283-895E-B5A3CEC93D5F}.Debug|ARM.Deploy.0 = Debug|ARM
		{F6FFD019-0E23-4283-895E-B5A3CEC93D5F}.Debug|ARM64.ActiveCfg = Debug|ARM64
		{F6FFD019-0E23-4283-895E-B5A3CEC93D5F}.Debug|ARM64.Build.0 = Debug|ARM64
		{F6FFD019-0E23-4283-895E-B5A3CEC93D5F}.Debug|ARM64.Deploy.0 = Debug|ARM64
		{F6FFD019-0E23-4283-895E-B5A3CEC93D5F}.Debug|x64.ActiveCfg = Debug|x64
		{F6FFD019-0E23-4283-895E-B5A3CEC93D5F}.Debug|x64.Build.0 = Debug|x64
		{F6FFD019-0E23-4283-895E-B5A3CEC93D5F}.Debug|x64.Deploy.0 = Debug|x64
		{F6FFD019-0E23-4283-895E-B5A3CEC93D5F}.Debug|x86.ActiveCfg = Debug|x86
		{F6FFD019-0E23-4283-895E-B5A3CEC93D5F}.Debug|x86.Build.0 = Debug|x86
		{F6FFD019-0E23-4283-895E-B5A3CEC93D5F}.Debug|x86.Deploy.0 = Debug|x86
		{F6FFD019-0E23-4283-895E-B5A3CEC93D5F}.Release|ARM.ActiveCfg = Release|ARM
		{F6FFD019-0E23-4283-895E-B5A3CEC93D5F}.Release|ARM.Build.0 = Release|ARM
		{F6FFD019-0E23-4283-895E-B5A3CEC93D5F}.Release|ARM.Deploy.0 = Release|ARM
		{F6FFD019-0E23-4283-895E-B5A3CEC93D5F}.Release|ARM64.ActiveCfg = Release|ARM64
		{F6FFD019-0E23-4283-895E-B5A3CEC93D5F}.Release|ARM64.Build.0 = Release|ARM64
		{F6FFD019-0E23-4283-895E-B5A3CEC93D5F}.Release|ARM64.Deploy.0 = Release|ARM64
		{F6FFD019-0E23-4283-895E-B5A3CEC93D5F}.Release|x64.ActiveCfg = Release|x64
		{F6FFD019-0E23-4283-895E-B5A3CEC93D5F}.Release|x64.Build.0 = Release|x64
		{F6FFD019-0E23-4283-895E-B5A3CEC93D5F}.Release|x64.Deploy.0 = Release|x64
		{F6FFD019-0E23-4283-895E-B5A3CEC93D5F}.Release|x86.ActiveCfg = Release|x86
		{F6FFD019-0E23-4283-895E-B5A3CEC93D5F}.Release|x86.Build.0 = Release|x86
		{F6FFD019-0E23-4283-895E-B5A3CEC93D5F}.Release|x86.Deploy.0 = Release|x86
		{DF895BE7-C4DB-46F4-B343-B8CDCE6ED2E8}.Debug|ARM.ActiveCfg = Debug|x64
		{DF895BE7-C4DB-46F4-B343-B8CDCE6ED2E8}.Debug|ARM.Build.0 = Debug|x64
		{DF895BE7-C4DB-46F4-B343-B8CDCE6ED2E8}.Debug|ARM64.ActiveCfg = Debug|x64
		{DF895BE7-C4DB-46F4-B343-B8CDCE6ED2E8}.Debug|ARM64.Build.0 = Debug|x64
		{DF895BE7-C4DB-46F4-B343-B8CDCE6ED2E8}.Debug|x64.ActiveCfg = Debug|x64
		{DF895BE7-C4DB-46F4-B343-B8CDCE6ED2E8}.Debug|x64.Build.0 = Debug|x64
		{DF895BE7-C4DB-46F4-B343-B8CDCE6ED2E8}.Debug|x86.ActiveCfg = Debug|Win32
		{DF895BE7-C4DB-46F4-B343-B8CDCE6ED2E8}.Debug|x86.Build.0 = Debug|Win32
		{DF895BE7-C4DB-46F4-B343-B8CDCE6ED2E8}.Release|ARM.ActiveCfg = Release|x64
		{DF895BE7-C4DB-46F4-B343-B8CDCE6ED2E8}.Release|ARM.Build.0 = Release|x64
		{DF895BE7-C4DB-46F4-B343-B8CDCE6ED2E8}.Release|ARM64.ActiveCfg = Release|x64
		{DF895BE7-C4DB-46F4-B343-B8CDCE6ED2E8}.Release|ARM64.Build.0 = Release|x64
		{DF895BE7-C4DB-46F4-B343-B8CDCE6ED2E8}.Release|x64.ActiveCfg = Release|x64
		{DF895BE7-C4DB-46F4-B343-B8CDCE6ED2E8}.Release|x64.Build.0 = Release|x64
		{DF895BE7-C4DB-46F4-B343-B8CDCE6ED2E8}.Release|x86.ActiveCfg = Release|Win32
		{DF895BE7-C4DB-46F4-B343-B8CDCE6ED2E8}.Release|x86.Build.0 = Release|Win32
		{3E6DC13D-D747-4872-B824-B9EC327E1CB4}.Debug|ARM.ActiveCfg = Debug|x64
		{3E6DC13D-D747-4872-B824-B9EC327E1CB4}.Debug|ARM.Build.0 = Debug|x64
		{3E6DC13D-D747-4872-B824-B9EC327E1CB4}.Debug|ARM64.ActiveCfg = Debug|x64
		{3E6DC13D-D747-4872-B824-B9EC327E1CB4}.Debug|ARM64.Build.0 = Debug|x64
		{3E6DC13D-D747-4872-B824-B9EC327E1CB4}.Debug|x64.ActiveCfg = Debug|x64
		{3E6DC13D-D747-4872-B824-B9EC327E1CB4}.Debug|x64.Build.0 = Debug|x64
		{3E6DC13D-D747-4872-B824-B9EC327E1CB4}.Debug|x86.ActiveCfg = Debug|Win32
		{3E6DC13D-D747-4872-B824-B9EC327E1CB4}.Debug|x86.Build.0 = Debug|Win32
		{3E6DC13D-D747-4872-B824-B9EC327E1CB4}.Release|ARM.ActiveCfg = Release|x64
		{3E6DC13D-D747-4872-B824-B9EC327E1CB4}.Release|ARM.Build.0 = Release|x64
		{3E6DC13D-D747-4872-B824-B9EC327E1CB4}.Release|ARM64.ActiveCfg = Release|x64
		{3E6DC13D-D747-4872-B824-B9EC327E1CB4}.Release|ARM64.Build.0 = Release|x64
		{3E6DC13D-D747-4872-B824-B9EC327E1CB4}.Release|x64.ActiveCfg = Release|x64
		{3E6DC13D-D747-4872-B824-B9EC327E1CB4}.Release|x64.Build.0 = Release|x64
		{3E6DC13D-D747-4872-B824-B9EC327E1CB4}.Release|x86.ActiveCfg = Release|Win32
		{3E6DC13D-D747-4872-B824-B9EC327E1CB4}.Release|x86.Build.0 = Release|Win32
		{00B2B883-3A4A-41EF-B182-272C6DFCD2E8}.Debug|ARM.ActiveCfg = Debug|ARM
		{00B2B883-3A4A-41EF-B182-272C6DFCD2E8}.Debug|ARM.Build.0 = Debug|ARM
		{00B2B883-3A4A-41EF-B182-272C6DFCD2E8}.Debug|ARM.Deploy.0 = Debug|ARM
		{00B2B883-3A4A-41EF-B182-272C6DFCD2E8}.Debug|ARM64.ActiveCfg = Debug|ARM64
		{00B2B883-3A4A-41EF-B182-272C6DFCD2E8}.Debug|ARM64.Build.0 = Debug|ARM64
		{00B2B883-3A4A-41EF-B182-272C6DFCD2E8}.Debug|ARM64.Deploy.0 = Debug|ARM64
		{00B2B883-3A4A-41EF-B182-272C6DFCD2E8}.Debug|x64.ActiveCfg = Debug|x64
		{00B2B883-3A4A-41EF-B182-272C6DFCD2E8}.Debug|x64.Build.0 = Debug|x64
		{00B2B883-3A4A-41EF-B182-272C6DFCD2E8}.Debug|x64.Deploy.0 = Debug|x64
		{00B2B883-3A4A-41EF-B182-272C6DFCD2E8}.Debug|x86.ActiveCfg = Debug|x86
		{00B2B883-3A4A-41EF-B182-272C6DFCD2E8}.Debug|x86.Build.0 = Debug|x86
		{00B2B883-3A4A-41EF-B182-272C6DFCD2E8}.Debug|x86.Deploy.0 = Debug|x86
		{00B2B883-3A4A-41EF-B182-272C6DFCD2E8}.Release|ARM.ActiveCfg = Release|ARM
		{00B2B883-3A4A-41EF-B182-272C6DFCD2E8}.Release|ARM.Build.0 = Release|ARM
		{00B2B883-3A4A-41EF-B182-272C6DFCD2E8}.Release|ARM.Deploy.0 = Release|ARM
		{00B2B883-3A4A-41EF-B182-272C6DFCD2E8}.Release|ARM64.ActiveCfg = Release|ARM64
		{00B2B883-3A4A-41EF-B182-272C6DFCD2E8}.Release|ARM64.Build.0 = Release|ARM64
		{00B2B883-3A4A-41EF-B182-272C6DFCD2E8}.Release|ARM64.Deploy.0 = Release|ARM64
		{00B2B883-3A4A-41EF-B182-272C6DFCD2E8}.Release|x64.ActiveCfg = Release|x64
		{00B2B883-3A4A-41EF-B182-272C6DFCD2E8}.Release|x64.Build.0 = Release|x64
		{00B2B883-3A4A-41EF-B182-272C6DFCD2E8}.Release|x64.Deploy.0 = Release|x64
		{00B2B883-3A4A-41EF-B182-272C6DFCD2E8}.Release|x86.ActiveCfg = Release|x86
		{00B2B883-3A4A-41EF-B182-272C6DFCD2E8}.Release|x86.Build.0 = Release|x86
		{00B2B883-3A4A-41EF-B182-272C6DFCD2E8}.Release|x86.Deploy.0 = Release|x86
		{D7E036C9-B401-4BC9-873D-E72E9F2CB62D}.Debug|ARM.ActiveCfg = Debug|ARM
		{D7E036C9-B401-4BC9-873D-E72E9F2CB62D}.Debug|ARM.Build.0 = Debug|ARM
		{D7E036C9-B401-4BC9-873D-E72E9F2CB62D}.Debug|ARM.Deploy.0 = Debug|ARM
		{D7E036C9-B401-4BC9-873D-E72E9F2CB62D}.Debug|ARM64.ActiveCfg = Debug|ARM64
		{D7E036C9-B401-4BC9-873D-E72E9F2CB62D}.Debug|ARM64.Build.0 = Debug|ARM64
		{D7E036C9-B401-4BC9-873D-E72E9F2CB62D}.Debug|ARM64.Deploy.0 = Debug|ARM64
		{D7E036C9-B401-4BC9-873D-E72E9F2CB62D}.Debug|x64.ActiveCfg = Debug|x64
		{D7E036C9-B401-4BC9-873D-E72E9F2CB62D}.Debug|x64.Build.0 = Debug|x64
		{D7E036C9-B401-4BC9-873D-E72E9F2CB62D}.Debug|x64.Deploy.0 = Debug|x64
		{D7E036C9-B401-4BC9-873D-E72E9F2CB62D}.Debug|x86.ActiveCfg = Debug|x86
		{D7E036C9-B401-4BC9-873D-E72E9F2CB62D}.Debug|x86.Build.0 = Debug|x86
		{D7E036C9-B401-4BC9-873D-E72E9F2CB62D}.Debug|x86.Deploy.0 = Debug|x86
		{D7E036C9-B401-4BC9-873D-E72E9F2CB62D}.Release|ARM.ActiveCfg = Release|ARM
		{D7E036C9-B401-4BC9-873D-E72E9F2CB62D}.Release|ARM.Build.0 = Release|ARM
		{D7E036C9-B401-4BC9-873D-E72E9F2CB62D}.Release|ARM.Deploy.0 = Release|ARM
		{D7E036C9-B401-4BC9-873D-E72E9F2CB62D}.Release|ARM64.ActiveCfg = Release|ARM64
		{D7E036C9-B401-4BC9-873D-E72E9F2CB62D}.Release|ARM64.Build.0 = Release|ARM64
		{D7E036C9-B401-4BC9-873D-E72E9F2CB62D}.Release|ARM64.Deploy.0 = Release|ARM64
		{D7E036C9-B401-4BC9-873D-E72E9F2CB62D}.Release|x64.ActiveCfg = Release|x64
		{D7E036C9-B401-4BC9-873D-E72E9F2CB62D}.Release|x64.Build.0 = Release|x64
		{D7E036C9-B401-4BC9-873D-E72E9F2CB62D}.Release|x64.Deploy.0 = Release|x64
		{D7E036C9-B401-4BC9-873D-E72E9F2CB62D}.Release|x86.ActiveCfg = Release|x86
		{D7E036C9-B401-4BC9-873D-E72E9F2CB62D}.Release|x86.Build.0 = Release|x86
		{D7E036C9-B401-4BC9-873D-E72E9F2CB62D}.Release|x86.Deploy.0 = Release|x86
		{AA9F3E8A-8579-443A-ADDD-36653548E40B}.Debug|ARM.ActiveCfg = Debug|x64
		{AA9F3E8A-8579-443A-ADDD-36653548E40B}.Debug|ARM.Build.0 = Debug|x64
		{AA9F3E8A-8579-443A-ADDD-36653548E40B}.Debug|ARM64.ActiveCfg = Debug|x64
		{AA9F3E8A-8579-443A-ADDD-36653548E40B}.Debug|ARM64.Build.0 = Debug|x64
		{AA9F3E8A-8579-443A-ADDD-36653548E40B}.Debug|x64.ActiveCfg = Debug|x64
		{AA9F3E8A-8579-443A-ADDD-36653548E40B}.Debug|x64.Build.0 = Debug|x64
		{AA9F3E8A-8579-443A-ADDD-36653548E40B}.Debug|x86.ActiveCfg = Debug|Win32
		{AA9F3E8A-8579-443A-ADDD-36653548E40B}.Debug|x86.Build.0 = Debug|Win32
		{AA9F3E8A-8579-443A-ADDD-36653548E40B}.Release|ARM.ActiveCfg = Release|x64
		{AA9F3E8A-8579-443A-ADDD-36653548E40B}.Release|ARM.Build.0 = Release|x64
		{AA9F3E8A-8579-443A-ADDD-36653548E40B}.Release|ARM64.ActiveCfg = Release|x64
		{AA9F3E8A-8579-443A-ADDD-36653548E40B}.Release|ARM64.Build.0 = Release|x64
		{AA9F3E8A-8579-443A-ADDD-36653548E40B}.Release|x64.ActiveCfg = Release|x64
		{AA9F3E8A-8579-443A-ADDD-36653548E40B}.Release|x64.Build.0 = Release|x64
		{AA9F3E8A-8579-443A-ADDD-36653548E40B}.Release|x86.ActiveCfg = Release|Win32
		{AA9F3E8A-8579-443A-ADDD-36653548E40B}.Release|x86.Build.0 = Release|Win32
	EndGlobalSection
	GlobalSection(SolutionProperties) = preSolution
		HideSolutionNode = FALSE
	EndGlobalSection
	GlobalSection(ExtensibilityGlobals) = postSolution
		SolutionGuid = {689CA92E-C67B-49F6-895B-4D0F029183D9}
	EndGlobalSection
EndGlobal
